
Microsoft Visual Studio Solution File, Format Version 12.00
# Visual Studio 15
VisualStudioVersion = 15.0.28307.1525
MinimumVisualStudioVersion = 10.0.40219.1
Project("{FAE04EC0-301F-11D3-BF4B-00C04F79EFBC}") = "demo9", "demo9\demo9.csproj", "{D1600D03-AA9E-42DF-9B07-826EDE524C92}"
EndProject
Global
	GlobalSection(SolutionConfigurationPlatforms) = preSolution
		Debug|Any CPU = Debug|Any CPU
		Release|Any CPU = Release|Any CPU
	EndGlobalSection
	GlobalSection(ProjectConfigurationPlatforms) = postSolution
		{D1600D03-AA9E-42DF-9B07-826EDE524C92}.Debug|Any CPU.ActiveCfg = Debug|Any CPU
		{D1600D03-AA9E-42DF-9B07-826EDE524C92}.Debug|Any CPU.Build.0 = Debug|Any CPU
		{D1600D03-AA9E-42DF-9B07-826EDE524C92}.Release|Any CPU.ActiveCfg = Release|Any CPU
		{D1600D03-AA9E-42DF-9B07-826EDE524C92}.Release|Any CPU.Build.0 = Release|Any CPU
	EndGlobalSection
	GlobalSection(SolutionProperties) = preSolution
		HideSolutionNode = FALSE
	EndGlobalSection
	GlobalSection(ExtensibilityGlobals) = postSolution
		SolutionGuid = {27D0D3E5-8570-4790-9210-0E6BC7ECEA80}
	EndGlobalSection
EndGlobal
